
Microsoft Visual Studio Solution File, Format Version 12.00
# Visual Studio Version 17
VisualStudioVersion = 17.7.34221.43
MinimumVisualStudioVersion = 10.0.40219.1
Project("{FAE04EC0-301F-11D3-BF4B-00C04F79EFBC}") = "GameZone", "GameZone\GameZone.csproj", "{E14B0652-86CC-4867-B06F-DC6AAA68E955}"
EndProject
Global
	GlobalSection(SolutionConfigurationPlatforms) = preSolution
		Debug|Any CPU = Debug|Any CPU
		Release|Any CPU = Release|Any CPU
	EndGlobalSection
	GlobalSection(ProjectConfigurationPlatforms) = postSolution
		{E14B0652-86CC-4867-B06F-DC6AAA68E955}.Debug|Any CPU.ActiveCfg = Debug|Any CPU
		{E14B0652-86CC-4867-B06F-DC6AAA68E955}.Debug|Any CPU.Build.0 = Debug|Any CPU
		{E14B0652-86CC-4867-B06F-DC6AAA68E955}.Release|Any CPU.ActiveCfg = Release|Any CPU
		{E14B0652-86CC-4867-B06F-DC6AAA68E955}.Release|Any CPU.Build.0 = Release|Any CPU
	EndGlobalSection
	GlobalSection(SolutionProperties) = preSolution
		HideSolutionNode = FALSE
	EndGlobalSection
	GlobalSection(ExtensibilityGlobals) = postSolution
		SolutionGuid = {A8997EE2-2608-4416-99BD-2FA724AAE21F}
	EndGlobalSection
EndGlobal
